
Microsoft Visual Studio Solution File, Format Version 12.00
# Visual Studio 15
VisualStudioVersion = 15.0.35706.147
MinimumVisualStudioVersion = 10.0.40219.1
Project("{FAE04EC0-301F-11D3-BF4B-00C04F79EFBC}") = "Presentacion", "ProyectoSistemaVentas\Presentacion.csproj", "{B2BDBD5B-233F-49A4-BF83-082E77FF54F0}"
EndProject
Project("{FAE04EC0-301F-11D3-BF4B-00C04F79EFBC}") = "Entidad", "Entidad\Entidad.csproj", "{51AFCFCE-817B-4E41-9CF2-C65681057503}"
EndProject
Project("{FAE04EC0-301F-11D3-BF4B-00C04F79EFBC}") = "Negocios", "Negocios\Negocios.csproj", "{EF1257CB-93F3-4190-B21F-3B909A1DC700}"
EndProject
Project("{FAE04EC0-301F-11D3-BF4B-00C04F79EFBC}") = "Datos", "Datos\Datos.csproj", "{1E59A496-B2F0-4870-A663-85261D0C111E}"
EndProject
Global
	GlobalSection(SolutionConfigurationPlatforms) = preSolution
		Debug|Any CPU = Debug|Any CPU
		Release|Any CPU = Release|Any CPU
	EndGlobalSection
	GlobalSection(ProjectConfigurationPlatforms) = postSolution
		{B2BDBD5B-233F-49A4-BF83-082E77FF54F0}.Debug|Any CPU.ActiveCfg = Debug|Any CPU
		{B2BDBD5B-233F-49A4-BF83-082E77FF54F0}.Debug|Any CPU.Build.0 = Debug|Any CPU
		{B2BDBD5B-233F-49A4-BF83-082E77FF54F0}.Release|Any CPU.ActiveCfg = Release|Any CPU
		{B2BDBD5B-233F-49A4-BF83-082E77FF54F0}.Release|Any CPU.Build.0 = Release|Any CPU
		{51AFCFCE-817B-4E41-9CF2-C65681057503}.Debug|Any CPU.ActiveCfg = Debug|Any CPU
		{51AFCFCE-817B-4E41-9CF2-C65681057503}.Debug|Any CPU.Build.0 = Debug|Any CPU
		{51AFCFCE-817B-4E41-9CF2-C65681057503}.Release|Any CPU.ActiveCfg = Release|Any CPU
		{51AFCFCE-817B-4E41-9CF2-C65681057503}.Release|Any CPU.Build.0 = Release|Any CPU
		{EF1257CB-93F3-4190-B21F-3B909A1DC700}.Debug|Any CPU.ActiveCfg = Debug|Any CPU
		{EF1257CB-93F3-4190-B21F-3B909A1DC700}.Debug|Any CPU.Build.0 = Debug|Any CPU
		{EF1257CB-93F3-4190-B21F-3B909A1DC700}.Release|Any CPU.ActiveCfg = Release|Any CPU
		{EF1257CB-93F3-4190-B21F-3B909A1DC700}.Release|Any CPU.Build.0 = Release|Any CPU
		{1E59A496-B2F0-4870-A663-85261D0C111E}.Debug|Any CPU.ActiveCfg = Debug|Any CPU
		{1E59A496-B2F0-4870-A663-85261D0C111E}.Debug|Any CPU.Build.0 = Debug|Any CPU
		{1E59A496-B2F0-4870-A663-85261D0C111E}.Release|Any CPU.ActiveCfg = Release|Any CPU
		{1E59A496-B2F0-4870-A663-85261D0C111E}.Release|Any CPU.Build.0 = Release|Any CPU
	EndGlobalSection
	GlobalSection(SolutionProperties) = preSolution
		HideSolutionNode = FALSE
	EndGlobalSection
	GlobalSection(ExtensibilityGlobals) = postSolution
		SolutionGuid = {60EBF4C1-4444-4DA5-A0FF-6369BD401D62}
	EndGlobalSection
EndGlobal
